
Microsoft Visual Studio Solution File, Format Version 12.00
# Visual Studio Version 17
VisualStudioVersion = 17.8.34408.163
MinimumVisualStudioVersion = 10.0.40219.1
Project("{FAE04EC0-301F-11D3-BF4B-00C04F79EFBC}") = "MyProjectPlugin", "MyProjectPlugin\MyProjectPlugin.csproj", "{948F255A-8CAF-47F9-837F-9D9F41242FBC}"
EndProject
Global
	GlobalSection(SolutionConfigurationPlatforms) = preSolution
		Debug|Any CPU = Debug|Any CPU
		Release|Any CPU = Release|Any CPU
	EndGlobalSection
	GlobalSection(ProjectConfigurationPlatforms) = postSolution
		{948F255A-8CAF-47F9-837F-9D9F41242FBC}.Debug|Any CPU.ActiveCfg = Debug|Any CPU
		{948F255A-8CAF-47F9-837F-9D9F41242FBC}.Debug|Any CPU.Build.0 = Debug|Any CPU
		{948F255A-8CAF-47F9-837F-9D9F41242FBC}.Release|Any CPU.ActiveCfg = Release|Any CPU
		{948F255A-8CAF-47F9-837F-9D9F41242FBC}.Release|Any CPU.Build.0 = Release|Any CPU
	EndGlobalSection
	GlobalSection(SolutionProperties) = preSolution
		HideSolutionNode = FALSE
	EndGlobalSection
	GlobalSection(ExtensibilityGlobals) = postSolution
		SolutionGuid = {C00F8902-7262-4E94-A9EC-5CD4CE3BBA3D}
	EndGlobalSection
EndGlobal
